{
  "nodes": {
    "home-manager": {
      "inputs": {
        "nixpkgs": [
          "nixpkgs"
        ]
      },
      "locked": {
        "lastModified": 1749062139,
        "narHash": "sha256-gGGLujmeWU+ZjFzfMvFMI0hp9xONsSbm88187wJr82Q=",
        "owner": "nix-community",
        "repo": "home-manager",
        "rev": "86b95fc1ed2b9b04a451a08ccf13d78fb421859c",
        "type": "github"
      },
      "original": {
        "owner": "nix-community",
        "repo": "home-manager",
        "type": "github"
      }
    },
    "nix-search-tui-package": {
      "inputs": {
        "nixpkgs": "nixpkgs"
      },
      "locked": {
        "lastModified": 1749346706,
        "narHash": "sha256-51IFgluY3ND0jBnSuNTUupVGe9gY2sOgHeCqM4zMyNs=",
        "owner": "misaelaguayo",
        "repo": "nix-search-tui",
        "rev": "50edf014aed64c17aeb6903b520a86ea1929e473",
        "type": "github"
      },
      "original": {
        "owner": "misaelaguayo",
        "repo": "nix-search-tui",
        "type": "github"
      }
    },
    "nixpkgs": {
      "locked": {
        "lastModified": 1749143949,
        "narHash": "sha256-QuUtALJpVrPnPeozlUG/y+oIMSLdptHxb3GK6cpSVhA=",
        "owner": "NixOS",
        "repo": "nixpkgs",
        "rev": "d3d2d80a2191a73d1e86456a751b83aa13085d7d",
        "type": "github"
      },
      "original": {
        "owner": "NixOS",
        "ref": "nixos-unstable",
        "repo": "nixpkgs",
        "type": "github"
      }
    },
    "nixpkgs_2": {
      "locked": {
        "lastModified": 1748929857,
        "narHash": "sha256-lcZQ8RhsmhsK8u7LIFsJhsLh/pzR9yZ8yqpTzyGdj+Q=",
        "owner": "nixos",
        "repo": "nixpkgs",
        "rev": "c2a03962b8e24e669fb37b7df10e7c79531ff1a4",
        "type": "github"
      },
      "original": {
        "owner": "nixos",
        "ref": "nixos-unstable",
        "repo": "nixpkgs",
        "type": "github"
      }
    },
    "root": {
      "inputs": {
        "home-manager": "home-manager",
        "nix-search-tui-package": "nix-search-tui-package",
        "nixpkgs": "nixpkgs_2"
      }
    }
  },
  "root": "root",
  "version": 7
}
